Microsoft Visual Studio Solution File, Format Version 12.00
# Visual Studio Version 17
VisualStudioVersion = 17.5.2.0
MinimumVisualStudioVersion = 10.0.40219.1
Project("{FAE04EC0-301F-11D3-BF4B-00C04F79EFBC}") = "eJobsAPI", "eJobsAPI.csproj", "{4369C57C-2381-E3B2-7870-E6BBD90E8C34}"
EndProject
Global
	GlobalSection(SolutionConfigurationPlatforms) = preSolution
		Debug|Any CPU = Debug|Any CPU
		Release|Any CPU = Release|Any CPU
	EndGlobalSection
	GlobalSection(ProjectConfigurationPlatforms) = postSolution
		{4369C57C-2381-E3B2-7870-E6BBD90E8C34}.Debug|Any CPU.ActiveCfg = Debug|Any CPU
		{4369C57C-2381-E3B2-7870-E6BBD90E8C34}.Debug|Any CPU.Build.0 = Debug|Any CPU
		{4369C57C-2381-E3B2-7870-E6BBD90E8C34}.Release|Any CPU.ActiveCfg = Release|Any CPU
		{4369C57C-2381-E3B2-7870-E6BBD90E8C34}.Release|Any CPU.Build.0 = Release|Any CPU
	EndGlobalSection
	GlobalSection(SolutionProperties) = preSolution
		HideSolutionNode = FALSE
	EndGlobalSection
	GlobalSection(ExtensibilityGlobals) = postSolution
		SolutionGuid = {0D46EDE1-550D-4058-A10B-7CC613A32314}
	EndGlobalSection
EndGlobal
